
Microsoft Visual Studio Solution File, Format Version 12.00
# Visual Studio Version 17
VisualStudioVersion = 17.4.33213.308
MinimumVisualStudioVersion = 10.0.40219.1
Project("{FAE04EC0-301F-11D3-BF4B-00C04F79EFBC}") = "encapsulamento_csharp", "encapsulamento_csharp\encapsulamento_csharp.csproj", "{4F2A3943-B6B4-4A08-8007-DF377E5A2CEC}"
EndProject
Global
	GlobalSection(SolutionConfigurationPlatforms) = preSolution
		Debug|Any CPU = Debug|Any CPU
		Release|Any CPU = Release|Any CPU
	EndGlobalSection
	GlobalSection(ProjectConfigurationPlatforms) = postSolution
		{4F2A3943-B6B4-4A08-8007-DF377E5A2CEC}.Debug|Any CPU.ActiveCfg = Debug|Any CPU
		{4F2A3943-B6B4-4A08-8007-DF377E5A2CEC}.Debug|Any CPU.Build.0 = Debug|Any CPU
		{4F2A3943-B6B4-4A08-8007-DF377E5A2CEC}.Release|Any CPU.ActiveCfg = Release|Any CPU
		{4F2A3943-B6B4-4A08-8007-DF377E5A2CEC}.Release|Any CPU.Build.0 = Release|Any CPU
	EndGlobalSection
	GlobalSection(SolutionProperties) = preSolution
		HideSolutionNode = FALSE
	EndGlobalSection
	GlobalSection(ExtensibilityGlobals) = postSolution
		SolutionGuid = {7D9E3555-D7A9-4D8F-A701-ECDA8B9C2601}
	EndGlobalSection
EndGlobal
